
Microsoft Visual Studio Solution File, Format Version 12.00
# Visual Studio Version 17
VisualStudioVersion = 17.5.002.0
MinimumVisualStudioVersion = 10.0.40219.1
Project("{9A19103F-16F7-4668-BE54-9A1E7A4F7556}") = "projeto01", "projeto01.csproj", "{BE9033C2-232B-4DA5-A786-9ED478F468BD}"
EndProject
Global
	GlobalSection(SolutionConfigurationPlatforms) = preSolution
		Debug|Any CPU = Debug|Any CPU
		Release|Any CPU = Release|Any CPU
	EndGlobalSection
	GlobalSection(ProjectConfigurationPlatforms) = postSolution
		{BE9033C2-232B-4DA5-A786-9ED478F468BD}.Debug|Any CPU.ActiveCfg = Debug|Any CPU
		{BE9033C2-232B-4DA5-A786-9ED478F468BD}.Debug|Any CPU.Build.0 = Debug|Any CPU
		{BE9033C2-232B-4DA5-A786-9ED478F468BD}.Release|Any CPU.ActiveCfg = Release|Any CPU
		{BE9033C2-232B-4DA5-A786-9ED478F468BD}.Release|Any CPU.Build.0 = Release|Any CPU
	EndGlobalSection
	GlobalSection(SolutionProperties) = preSolution
		HideSolutionNode = FALSE
	EndGlobalSection
	GlobalSection(ExtensibilityGlobals) = postSolution
		SolutionGuid = {4F2BF3E6-D0A7-4D62-A7E7-52395B910189}
	EndGlobalSection
EndGlobal
